
Microsoft Visual Studio Solution File, Format Version 12.00
# Visual Studio Version 17
VisualStudioVersion = 17.1.32228.430
MinimumVisualStudioVersion = 10.0.40219.1
Project("{9A19103F-16F7-4668-BE54-9A1E7A4F7556}") = "Lab09-LINQ", "Lab09-LINQ\Lab09-LINQ.csproj", "{12DAA383-E789-454E-9A75-8AAA2DB95EA1}"
EndProject
Global
	GlobalSection(SolutionConfigurationPlatforms) = preSolution
		Debug|Any CPU = Debug|Any CPU
		Release|Any CPU = Release|Any CPU
	EndGlobalSection
	GlobalSection(ProjectConfigurationPlatforms) = postSolution
		{12DAA383-E789-454E-9A75-8AAA2DB95EA1}.Debug|Any CPU.ActiveCfg = Debug|Any CPU
		{12DAA383-E789-454E-9A75-8AAA2DB95EA1}.Debug|Any CPU.Build.0 = Debug|Any CPU
		{12DAA383-E789-454E-9A75-8AAA2DB95EA1}.Release|Any CPU.ActiveCfg = Release|Any CPU
		{12DAA383-E789-454E-9A75-8AAA2DB95EA1}.Release|Any CPU.Build.0 = Release|Any CPU
	EndGlobalSection
	GlobalSection(SolutionProperties) = preSolution
		HideSolutionNode = FALSE
	EndGlobalSection
	GlobalSection(ExtensibilityGlobals) = postSolution
		SolutionGuid = {814EF1AA-F654-4B34-9588-045FFCBF9AE0}
	EndGlobalSection
EndGlobal
